
Microsoft Visual Studio Solution File, Format Version 12.00
Project("{FAE04EC0-301F-11D3-BF4B-00C04F79EFBC}") = "WineBridge", "WineBridge\WineBridge.csproj", "{B01FD5F2-A25A-4D06-B0BB-383725140161}"
EndProject
Global
	GlobalSection(SolutionConfigurationPlatforms) = preSolution
		Debug|Any CPU = Debug|Any CPU
		Release|Any CPU = Release|Any CPU
	EndGlobalSection
	GlobalSection(ProjectConfigurationPlatforms) = postSolution
		{B01FD5F2-A25A-4D06-B0BB-383725140161}.Debug|Any CPU.ActiveCfg = Debug|Any CPU
		{B01FD5F2-A25A-4D06-B0BB-383725140161}.Debug|Any CPU.Build.0 = Debug|Any CPU
		{B01FD5F2-A25A-4D06-B0BB-383725140161}.Release|Any CPU.ActiveCfg = Release|Any CPU
		{B01FD5F2-A25A-4D06-B0BB-383725140161}.Release|Any CPU.Build.0 = Release|Any CPU
	EndGlobalSection
EndGlobal
